
Microsoft Visual Studio Solution File, Format Version 12.00
# Visual Studio Version 16
VisualStudioVersion = 16.0.32413.511
MinimumVisualStudioVersion = 10.0.40219.1
Project("{FAE04EC0-301F-11D3-BF4B-00C04F79EFBC}") = "DbfDataReader.net461", "src\DbfDataReader.net461\DbfDataReader.net461.csproj", "{A9834E52-9165-44DF-866B-DE1EF8ED5351}"
EndProject
Project("{2150E333-8FDC-42A3-9474-1A3956D46DE8}") = "src", "src", "{3D809DB9-671A-4CE6-8D77-BEA89DC639C7}"
EndProject
Global
	GlobalSection(SolutionConfigurationPlatforms) = preSolution
		Debug|Any CPU = Debug|Any CPU
		Release|Any CPU = Release|Any CPU
	EndGlobalSection
	GlobalSection(ProjectConfigurationPlatforms) = postSolution
		{A9834E52-9165-44DF-866B-DE1EF8ED5351}.Debug|Any CPU.ActiveCfg = Debug|Any CPU
		{A9834E52-9165-44DF-866B-DE1EF8ED5351}.Debug|Any CPU.Build.0 = Debug|Any CPU
		{A9834E52-9165-44DF-866B-DE1EF8ED5351}.Release|Any CPU.ActiveCfg = Release|Any CPU
		{A9834E52-9165-44DF-866B-DE1EF8ED5351}.Release|Any CPU.Build.0 = Release|Any CPU
	EndGlobalSection
	GlobalSection(SolutionProperties) = preSolution
		HideSolutionNode = FALSE
	EndGlobalSection
	GlobalSection(NestedProjects) = preSolution
		{A9834E52-9165-44DF-866B-DE1EF8ED5351} = {3D809DB9-671A-4CE6-8D77-BEA89DC639C7}
	EndGlobalSection
	GlobalSection(ExtensibilityGlobals) = postSolution
		SolutionGuid = {8ABC94F2-F64A-4CAF-8F5A-7F0D8535FD28}
	EndGlobalSection
EndGlobal
